
Microsoft Visual Studio Solution File, Format Version 12.00
# Visual Studio 14
VisualStudioVersion = 14.0.25123.0
MinimumVisualStudioVersion = 10.0.40219.1
Project("{2150E333-8FDC-42A3-9474-1A3956D46DE8}") = "src", "src", "{7E65479B-84FA-4F0D-BE21-6CA757DDC45F}"
EndProject
Project("{2150E333-8FDC-42A3-9474-1A3956D46DE8}") = "Solution Items", "Solution Items", "{F723734F-612D-4F39-BC63-CEE359F0D55E}"
	ProjectSection(SolutionItems) = preProject
		global.json = global.json
	EndProjectSection
EndProject
Project("{8BB2217D-0F2D-49D1-97BC-3654ED321F3B}") = "FlickrClone", "src\FlickrClone\FlickrClone.xproj", "{A9812DD7-51B3-4F4B-B019-89E340BACDA7}"
EndProject
Project("{2150E333-8FDC-42A3-9474-1A3956D46DE8}") = "tests", "tests", "{E2F5E72C-0FC8-45F2-8553-ACACEA01EBC0}"
EndProject
Project("{8BB2217D-0F2D-49D1-97BC-3654ED321F3B}") = "FlickR.Tests", "FlickR.Tests\FlickR.Tests.xproj", "{8B6A31B0-CAC1-4903-8B21-F51AE548BBDD}"
EndProject
Global
	GlobalSection(SolutionConfigurationPlatforms) = preSolution
		Debug|Any CPU = Debug|Any CPU
		Release|Any CPU = Release|Any CPU
	EndGlobalSection
	GlobalSection(ProjectConfigurationPlatforms) = postSolution
		{A9812DD7-51B3-4F4B-B019-89E340BACDA7}.Debug|Any CPU.ActiveCfg = Debug|Any CPU
		{A9812DD7-51B3-4F4B-B019-89E340BACDA7}.Debug|Any CPU.Build.0 = Debug|Any CPU
		{A9812DD7-51B3-4F4B-B019-89E340BACDA7}.Release|Any CPU.ActiveCfg = Release|Any CPU
		{A9812DD7-51B3-4F4B-B019-89E340BACDA7}.Release|Any CPU.Build.0 = Release|Any CPU
		{8B6A31B0-CAC1-4903-8B21-F51AE548BBDD}.Debug|Any CPU.ActiveCfg = Debug|Any CPU
		{8B6A31B0-CAC1-4903-8B21-F51AE548BBDD}.Debug|Any CPU.Build.0 = Debug|Any CPU
		{8B6A31B0-CAC1-4903-8B21-F51AE548BBDD}.Release|Any CPU.ActiveCfg = Release|Any CPU
		{8B6A31B0-CAC1-4903-8B21-F51AE548BBDD}.Release|Any CPU.Build.0 = Release|Any CPU
	EndGlobalSection
	GlobalSection(SolutionProperties) = preSolution
		HideSolutionNode = FALSE
	EndGlobalSection
	GlobalSection(NestedProjects) = preSolution
		{A9812DD7-51B3-4F4B-B019-89E340BACDA7} = {7E65479B-84FA-4F0D-BE21-6CA757DDC45F}
		{8B6A31B0-CAC1-4903-8B21-F51AE548BBDD} = {E2F5E72C-0FC8-45F2-8553-ACACEA01EBC0}
	EndGlobalSection
EndGlobal
